// !$*UTF8*$!
{
	archiveVersion = 1;
	classes = {
	};
	objectVersion = 56;
	objects = {

/* Begin PBXBuildFile section */
		4913F7782981CCCB00FAAB81 /* FavVC.swift in Sources */ = {isa = PBXBuildFile; fileRef = 4913F7772981CCCB00FAAB81 /* FavVC.swift */; };
		49641499298073010021DB18 /* AppDelegate.swift in Sources */ = {isa = PBXBuildFile; fileRef = 49641498298073010021DB18 /* AppDelegate.swift */; };
		4964149B298073010021DB18 /* SceneDelegate.swift in Sources */ = {isa = PBXBuildFile; fileRef = 4964149A298073010021DB18 /* SceneDelegate.swift */; };
		4964149D298073010021DB18 /* ViewController.swift in Sources */ = {isa = PBXBuildFile; fileRef = 4964149C298073010021DB18 /* ViewController.swift */; };
		496414A0298073010021DB18 /* Main.storyboard in Resources */ = {isa = PBXBuildFile; fileRef = 4964149E298073010021DB18 /* Main.storyboard */; };
		496414A2298073020021DB18 /* Assets.xcassets in Resources */ = {isa = PBXBuildFile; fileRef = 496414A1298073020021DB18 /* Assets.xcassets */; };
		496414A5298073020021DB18 /* LaunchScreen.storyboard in Resources */ = {isa = PBXBuildFile; fileRef = 496414A3298073020021DB18 /* LaunchScreen.storyboard */; };
		496414BB298073AF0021DB18 /* Event.swift in Sources */ = {isa = PBXBuildFile; fileRef = 496414AD298073AF0021DB18 /* Event.swift */; };
		496414BC298073AF0021DB18 /* ApiFetch.swift in Sources */ = {isa = PBXBuildFile; fileRef = 496414AE298073AF0021DB18 /* ApiFetch.swift */; };
		496414BD298073AF0021DB18 /* Constants.swift in Sources */ = {isa = PBXBuildFile; fileRef = 496414B0298073AF0021DB18 /* Constants.swift */; };
		496414BE298073AF0021DB18 /* UIView+Ext.swift in Sources */ = {isa = PBXBuildFile; fileRef = 496414B1298073AF0021DB18 /* UIView+Ext.swift */; };
		496414BF298073AF0021DB18 /* RegisterVC.swift in Sources */ = {isa = PBXBuildFile; fileRef = 496414B3298073AF0021DB18 /* RegisterVC.swift */; };
		496414C0298073AF0021DB18 /* LoginVC.swift in Sources */ = {isa = PBXBuildFile; fileRef = 496414B4298073AF0021DB18 /* LoginVC.swift */; };
		496414C1298073AF0021DB18 /* EventCell.swift in Sources */ = {isa = PBXBuildFile; fileRef = 496414B6298073AF0021DB18 /* EventCell.swift */; };
		496414C2298073B00021DB18 /* EventsListVC.swift in Sources */ = {isa = PBXBuildFile; fileRef = 496414B7298073AF0021DB18 /* EventsListVC.swift */; };
		496414C3298073B00021DB18 /* EventVC.swift in Sources */ = {isa = PBXBuildFile; fileRef = 496414B8298073AF0021DB18 /* EventVC.swift */; };
		496414C4298073B00021DB18 /* FavsVC.swift in Sources */ = {isa = PBXBuildFile; fileRef = 496414BA298073AF0021DB18 /* FavsVC.swift */; };
		496414C7298073DA0021DB18 /* SettingsVC.swift in Sources */ = {isa = PBXBuildFile; fileRef = 496414C6298073DA0021DB18 /* SettingsVC.swift */; };
		496414C9298074530021DB18 /* GoogleService-Info.plist in Resources */ = {isa = PBXBuildFile; fileRef = 496414C8298074530021DB18 /* GoogleService-Info.plist */; };
		496414CC298075030021DB18 /* FirebaseAnalytics in Frameworks */ = {isa = PBXBuildFile; productRef = 496414CB298075030021DB18 /* FirebaseAnalytics */; };
		496414CE298075030021DB18 /* FirebaseAuth in Frameworks */ = {isa = PBXBuildFile; productRef = 496414CD298075030021DB18 /* FirebaseAuth */; };
		496414D0298075030021DB18 /* FirebaseAuthCombine-Community in Frameworks */ = {isa = PBXBuildFile; productRef = 496414CF298075030021DB18 /* FirebaseAuthCombine-Community */; };
		496414D2298075030021DB18 /* FirebaseDatabase in Frameworks */ = {isa = PBXBuildFile; productRef = 496414D1298075030021DB18 /* FirebaseDatabase */; };
		496414D4298075030021DB18 /* FirebaseDatabaseSwift in Frameworks */ = {isa = PBXBuildFile; productRef = 496414D3298075030021DB18 /* FirebaseDatabaseSwift */; };
		496414D6298075030021DB18 /* FirebaseFirestore in Frameworks */ = {isa = PBXBuildFile; productRef = 496414D5298075030021DB18 /* FirebaseFirestore */; };
		496414D8298075030021DB18 /* FirebaseFirestoreCombine-Community in Frameworks */ = {isa = PBXBuildFile; productRef = 496414D7298075030021DB18 /* FirebaseFirestoreCombine-Community */; };
		496414DA298075030021DB18 /* FirebaseFirestoreSwift in Frameworks */ = {isa = PBXBuildFile; productRef = 496414D9298075030021DB18 /* FirebaseFirestoreSwift */; };
		496414DC298075030021DB18 /* FirebaseFunctions in Frameworks */ = {isa = PBXBuildFile; productRef = 496414DB298075030021DB18 /* FirebaseFunctions */; };
		496414DE298075030021DB18 /* FirebaseFunctionsCombine-Community in Frameworks */ = {isa = PBXBuildFile; productRef = 496414DD298075030021DB18 /* FirebaseFunctionsCombine-Community */; };
		496414E0298075030021DB18 /* FirebaseInstallations in Frameworks */ = {isa = PBXBuildFile; productRef = 496414DF298075030021DB18 /* FirebaseInstallations */; };
		496414E2298075030021DB18 /* FirebasePerformance in Frameworks */ = {isa = PBXBuildFile; productRef = 496414E1298075030021DB18 /* FirebasePerformance */; };
		496414E4298075030021DB18 /* FirebaseStorage in Frameworks */ = {isa = PBXBuildFile; productRef = 496414E3298075030021DB18 /* FirebaseStorage */; };
		496414E6298075030021DB18 /* FirebaseStorageCombine-Community in Frameworks */ = {isa = PBXBuildFile; productRef = 496414E5298075030021DB18 /* FirebaseStorageCombine-Community */; };
/* End PBXBuildFile section */

/* Begin PBXFileReference section */
		4913F7772981CCCB00FAAB81 /* FavVC.swift */ = {isa = PBXFileReference; lastKnownFileType = sourcecode.swift; path = FavVC.swift; sourceTree = "<group>"; };
		49641495298073010021DB18 /* PDM2JDMMarvel.app */ = {isa = PBXFileReference; explicitFileType = wrapper.application; includeInIndex = 0; path = PDM2JDMMarvel.app; sourceTree = BUILT_PRODUCTS_DIR; };
		49641498298073010021DB18 /* AppDelegate.swift */ = {isa = PBXFileReference; lastKnownFileType = sourcecode.swift; path = AppDelegate.swift; sourceTree = "<group>"; };
		4964149A298073010021DB18 /* SceneDelegate.swift */ = {isa = PBXFileReference; lastKnownFileType = sourcecode.swift; path = SceneDelegate.swift; sourceTree = "<group>"; };
		4964149C298073010021DB18 /* ViewController.swift */ = {isa = PBXFileReference; lastKnownFileType = sourcecode.swift; path = ViewController.swift; sourceTree = "<group>"; };
		4964149F298073010021DB18 /* Base */ = {isa = PBXFileReference; lastKnownFileType = file.storyboard; name = Base; path = Base.lproj/Main.storyboard; sourceTree = "<group>"; };
		496414A1298073020021DB18 /* Assets.xcassets */ = {isa = PBXFileReference; lastKnownFileType = folder.assetcatalog; path = Assets.xcassets; sourceTree = "<group>"; };
		496414A4298073020021DB18 /* Base */ = {isa = PBXFileReference; lastKnownFileType = file.storyboard; name = Base; path = Base.lproj/LaunchScreen.storyboard; sourceTree = "<group>"; };
		496414A6298073020021DB18 /* Info.plist */ = {isa = PBXFileReference; lastKnownFileType = text.plist.xml; path = Info.plist; sourceTree = "<group>"; };
		496414AD298073AF0021DB18 /* Event.swift */ = {isa = PBXFileReference; fileEncoding = 4; lastKnownFileType = sourcecode.swift; path = Event.swift; sourceTree = "<group>"; };
		496414AE298073AF0021DB18 /* ApiFetch.swift */ = {isa = PBXFileReference; fileEncoding = 4; lastKnownFileType = sourcecode.swift; path = ApiFetch.swift; sourceTree = "<group>"; };
		496414B0298073AF0021DB18 /* Constants.swift */ = {isa = PBXFileReference; fileEncoding = 4; lastKnownFileType = sourcecode.swift; path = Constants.swift; sourceTree = "<group>"; };
		496414B1298073AF0021DB18 /* UIView+Ext.swift */ = {isa = PBXFileReference; fileEncoding = 4; lastKnownFileType = sourcecode.swift; path = "UIView+Ext.swift"; sourceTree = "<group>"; };
		496414B3298073AF0021DB18 /* RegisterVC.swift */ = {isa = PBXFileReference; fileEncoding = 4; lastKnownFileType = sourcecode.swift; path = RegisterVC.swift; sourceTree = "<group>"; };
		496414B4298073AF0021DB18 /* LoginVC.swift */ = {isa = PBXFileReference; fileEncoding = 4; lastKnownFileType = sourcecode.swift; path = LoginVC.swift; sourceTree = "<group>"; };
		496414B6298073AF0021DB18 /* EventCell.swift */ = {isa = PBXFileReference; fileEncoding = 4; lastKnownFileType = sourcecode.swift; path = EventCell.swift; sourceTree = "<group>"; };
		496414B7298073AF0021DB18 /* EventsListVC.swift */ = {isa = PBXFileReference; fileEncoding = 4; lastKnownFileType = sourcecode.swift; path = EventsListVC.swift; sourceTree = "<group>"; };
		496414B8298073AF0021DB18 /* EventVC.swift */ = {isa = PBXFileReference; fileEncoding = 4; lastKnownFileType = sourcecode.swift; path = EventVC.swift; sourceTree = "<group>"; };
		496414BA298073AF0021DB18 /* FavsVC.swift */ = {isa = PBXFileReference; fileEncoding = 4; lastKnownFileType = sourcecode.swift; path = FavsVC.swift; sourceTree = "<group>"; };
		496414C6298073DA0021DB18 /* SettingsVC.swift */ = {isa = PBXFileReference; fileEncoding = 4; lastKnownFileType = sourcecode.swift; path = SettingsVC.swift; sourceTree = "<group>"; };
		496414C8298074530021DB18 /* GoogleService-Info.plist */ = {isa = PBXFileReference; fileEncoding = 4; lastKnownFileType = text.plist.xml; path = "GoogleService-Info.plist"; sourceTree = "<group>"; };
/* End PBXFileReference section */

/* Begin PBXFrameworksBuildPhase section */
		49641492298073010021DB18 /* Frameworks */ = {
			isa = PBXFrameworksBuildPhase;
			buildActionMask = 2147483647;
			files = (
				496414E0298075030021DB18 /* FirebaseInstallations in Frameworks */,
				496414D4298075030021DB18 /* FirebaseDatabaseSwift in Frameworks */,
				496414E2298075030021DB18 /* FirebasePerformance in Frameworks */,
				496414CC298075030021DB18 /* FirebaseAnalytics in Frameworks */,
				496414D0298075030021DB18 /* FirebaseAuthCombine-Community in Frameworks */,
				496414DE298075030021DB18 /* FirebaseFunctionsCombine-Community in Frameworks */,
				496414DC298075030021DB18 /* FirebaseFunctions in Frameworks */,
				496414D2298075030021DB18 /* FirebaseDatabase in Frameworks */,
				496414E6298075030021DB18 /* FirebaseStorageCombine-Community in Frameworks */,
				496414E4298075030021DB18 /* FirebaseStorage in Frameworks */,
				496414CE298075030021DB18 /* FirebaseAuth in Frameworks */,
				496414D6298075030021DB18 /* FirebaseFirestore in Frameworks */,
				496414D8298075030021DB18 /* FirebaseFirestoreCombine-Community in Frameworks */,
				496414DA298075030021DB18 /* FirebaseFirestoreSwift in Frameworks */,
			);
			runOnlyForDeploymentPostprocessing = 0;
		};
/* End PBXFrameworksBuildPhase section */

/* Begin PBXGroup section */
		4964148C298073010021DB18 = {
			isa = PBXGroup;
			children = (
				49641497298073010021DB18 /* PDM2JDMMarvel */,
				49641496298073010021DB18 /* Products */,
			);
			sourceTree = "<group>";
		};
		49641496298073010021DB18 /* Products */ = {
			isa = PBXGroup;
			children = (
				49641495298073010021DB18 /* PDM2JDMMarvel.app */,
			);
			name = Products;
			sourceTree = "<group>";
		};
		49641497298073010021DB18 /* PDM2JDMMarvel */ = {
			isa = PBXGroup;
			children = (
				496414C8298074530021DB18 /* GoogleService-Info.plist */,
				496414C5298073C00021DB18 /* Settings */,
				496414B2298073AF0021DB18 /* Authentication */,
				496414B5298073AF0021DB18 /* Events */,
				496414AF298073AF0021DB18 /* Extensions */,
				496414B9298073AF0021DB18 /* Favourites */,
				496414AC298073AF0021DB18 /* Model */,
				49641498298073010021DB18 /* AppDelegate.swift */,
				4964149A298073010021DB18 /* SceneDelegate.swift */,
				4964149C298073010021DB18 /* ViewController.swift */,
				4964149E298073010021DB18 /* Main.storyboard */,
				496414A1298073020021DB18 /* Assets.xcassets */,
				496414A3298073020021DB18 /* LaunchScreen.storyboard */,
				496414A6298073020021DB18 /* Info.plist */,
			);
			path = PDM2JDMMarvel;
			sourceTree = "<group>";
		};
		496414AC298073AF0021DB18 /* Model */ = {
			isa = PBXGroup;
			children = (
				496414AD298073AF0021DB18 /* Event.swift */,
				496414AE298073AF0021DB18 /* ApiFetch.swift */,
			);
			path = Model;
			sourceTree = "<group>";
		};
		496414AF298073AF0021DB18 /* Extensions */ = {
			isa = PBXGroup;
			children = (
				496414B0298073AF0021DB18 /* Constants.swift */,
				496414B1298073AF0021DB18 /* UIView+Ext.swift */,
			);
			path = Extensions;
			sourceTree = "<group>";
		};
		496414B2298073AF0021DB18 /* Authentication */ = {
			isa = PBXGroup;
			children = (
				496414B3298073AF0021DB18 /* RegisterVC.swift */,
				496414B4298073AF0021DB18 /* LoginVC.swift */,
			);
			path = Authentication;
			sourceTree = "<group>";
		};
		496414B5298073AF0021DB18 /* Events */ = {
			isa = PBXGroup;
			children = (
				496414B6298073AF0021DB18 /* EventCell.swift */,
				496414B7298073AF0021DB18 /* EventsListVC.swift */,
				496414B8298073AF0021DB18 /* EventVC.swift */,
			);
			path = Events;
			sourceTree = "<group>";
		};
		496414B9298073AF0021DB18 /* Favourites */ = {
			isa = PBXGroup;
			children = (
				496414BA298073AF0021DB18 /* FavsVC.swift */,
				4913F7772981CCCB00FAAB81 /* FavVC.swift */,
			);
			path = Favourites;
			sourceTree = "<group>";
		};
		496414C5298073C00021DB18 /* Settings */ = {
			isa = PBXGroup;
			children = (
				496414C6298073DA0021DB18 /* SettingsVC.swift */,
			);
			path = Settings;
			sourceTree = "<group>";
		};
/* End PBXGroup section */

/* Begin PBXNativeTarget section */
		49641494298073010021DB18 /* PDM2JDMMarvel */ = {
			isa = PBXNativeTarget;
			buildConfigurationList = 496414A9298073020021DB18 /* Build configuration list for PBXNativeTarget "PDM2JDMMarvel" */;
			buildPhases = (
				49641491298073010021DB18 /* Sources */,
				49641492298073010021DB18 /* Frameworks */,
				49641493298073010021DB18 /* Resources */,
			);
			buildRules = (
			);
			dependencies = (
			);
			name = PDM2JDMMarvel;
			packageProductDependencies = (
				496414CB298075030021DB18 /* FirebaseAnalytics */,
				496414CD298075030021DB18 /* FirebaseAuth */,
				496414CF298075030021DB18 /* FirebaseAuthCombine-Community */,
				496414D1298075030021DB18 /* FirebaseDatabase */,
				496414D3298075030021DB18 /* FirebaseDatabaseSwift */,
				496414D5298075030021DB18 /* FirebaseFirestore */,
				496414D7298075030021DB18 /* FirebaseFirestoreCombine-Community */,
				496414D9298075030021DB18 /* FirebaseFirestoreSwift */,
				496414DB298075030021DB18 /* FirebaseFunctions */,
				496414DD298075030021DB18 /* FirebaseFunctionsCombine-Community */,
				496414DF298075030021DB18 /* FirebaseInstallations */,
				496414E1298075030021DB18 /* FirebasePerformance */,
				496414E3298075030021DB18 /* FirebaseStorage */,
				496414E5298075030021DB18 /* FirebaseStorageCombine-Community */,
			);
			productName = PDM2JDMMarvel;
			productReference = 49641495298073010021DB18 /* PDM2JDMMarvel.app */;
			productType = "com.apple.product-type.application";
		};
/* End PBXNativeTarget section */

/* Begin PBXProject section */
		4964148D298073010021DB18 /* Project object */ = {
			isa = PBXProject;
			attributes = {
				BuildIndependentTargetsInParallel = 1;
				LastSwiftUpdateCheck = 1420;
				LastUpgradeCheck = 1420;
				TargetAttributes = {
					49641494298073010021DB18 = {
						CreatedOnToolsVersion = 14.2;
					};
				};
			};
			buildConfigurationList = 49641490298073010021DB18 /* Build configuration list for PBXProject "PDM2JDMMarvel" */;
			compatibilityVersion = "Xcode 14.0";
			developmentRegion = en;
			hasScannedForEncodings = 0;
			knownRegions = (
				en,
				Base,
			);
			mainGroup = 4964148C298073010021DB18;
			packageReferences = (
				496414CA298075030021DB18 /* XCRemoteSwiftPackageReference "firebase-ios-sdk" */,
			);
			productRefGroup = 49641496298073010021DB18 /* Products */;
			projectDirPath = "";
			projectRoot = "";
			targets = (
				49641494298073010021DB18 /* PDM2JDMMarvel */,
			);
		};
/* End PBXProject section */

/* Begin PBXResourcesBuildPhase section */
		49641493298073010021DB18 /* Resources */ = {
			isa = PBXResourcesBuildPhase;
			buildActionMask = 2147483647;
			files = (
				496414A5298073020021DB18 /* LaunchScreen.storyboard in Resources */,
				496414C9298074530021DB18 /* GoogleService-Info.plist in Resources */,
				496414A2298073020021DB18 /* Assets.xcassets in Resources */,
				496414A0298073010021DB18 /* Main.storyboard in Resources */,
			);
			runOnlyForDeploymentPostprocessing = 0;
		};
/* End PBXResourcesBuildPhase section */

/* Begin PBXSourcesBuildPhase section */
		49641491298073010021DB18 /* Sources */ = {
			isa = PBXSourcesBuildPhase;
			buildActionMask = 2147483647;
			files = (
				496414BB298073AF0021DB18 /* Event.swift in Sources */,
				496414BF298073AF0021DB18 /* RegisterVC.swift in Sources */,
				496414C1298073AF0021DB18 /* EventCell.swift in Sources */,
				496414C3298073B00021DB18 /* EventVC.swift in Sources */,
				4964149D298073010021DB18 /* ViewController.swift in Sources */,
				496414BC298073AF0021DB18 /* ApiFetch.swift in Sources */,
				496414C4298073B00021DB18 /* FavsVC.swift in Sources */,
				49641499298073010021DB18 /* AppDelegate.swift in Sources */,
				496414C2298073B00021DB18 /* EventsListVC.swift in Sources */,
				496414C0298073AF0021DB18 /* LoginVC.swift in Sources */,
				496414BE298073AF0021DB18 /* UIView+Ext.swift in Sources */,
				4913F7782981CCCB00FAAB81 /* FavVC.swift in Sources */,
				4964149B298073010021DB18 /* SceneDelegate.swift in Sources */,
				496414BD298073AF0021DB18 /* Constants.swift in Sources */,
				496414C7298073DA0021DB18 /* SettingsVC.swift in Sources */,
			);
			runOnlyForDeploymentPostprocessing = 0;
		};
/* End PBXSourcesBuildPhase section */

/* Begin PBXVariantGroup section */
		4964149E298073010021DB18 /* Main.storyboard */ = {
			isa = PBXVariantGroup;
			children = (
				4964149F298073010021DB18 /* Base */,
			);
			name = Main.storyboard;
			sourceTree = "<group>";
		};
		496414A3298073020021DB18 /* LaunchScreen.storyboard */ = {
			isa = PBXVariantGroup;
			children = (
				496414A4298073020021DB18 /* Base */,
			);
			name = LaunchScreen.storyboard;
			sourceTree = "<group>";
		};
/* End PBXVariantGroup section */

/* Begin XCBuildConfiguration section */
		496414A7298073020021DB18 /* Debug */ = {
			isa = XCBuildConfiguration;
			buildSettings = {
				ALWAYS_SEARCH_USER_PATHS = NO;
				CLANG_ANALYZER_NONNULL = YES;
				CLANG_ANALYZER_NUMBER_OBJECT_CONVERSION = YES_AGGRESSIVE;
				CLANG_CXX_LANGUAGE_STANDARD = "gnu++20";
				CLANG_ENABLE_MODULES = YES;
				CLANG_ENABLE_OBJC_ARC = YES;
				CLANG_ENABLE_OBJC_WEAK = YES;
				CLANG_WARN_BLOCK_CAPTURE_AUTORELEASING = YES;
				CLANG_WARN_BOOL_CONVERSION = YES;
				CLANG_WARN_COMMA = YES;
				CLANG_WARN_CONSTANT_CONVERSION = YES;
				CLANG_WARN_DEPRECATED_OBJC_IMPLEMENTATIONS = YES;
				CLANG_WARN_DIRECT_OBJC_ISA_USAGE = YES_ERROR;
				CLANG_WARN_DOCUMENTATION_COMMENTS = YES;
				CLANG_WARN_EMPTY_BODY = YES;
				CLANG_WARN_ENUM_CONVERSION = YES;
				CLANG_WARN_INFINITE_RECURSION = YES;
				CLANG_WARN_INT_CONVERSION = YES;
				CLANG_WARN_NON_LITERAL_NULL_CONVERSION = YES;
				CLANG_WARN_OBJC_IMPLICIT_RETAIN_SELF = YES;
				CLANG_WARN_OBJC_LITERAL_CONVERSION = YES;
				CLANG_WARN_OBJC_ROOT_CLASS = YES_ERROR;
				CLANG_WARN_QUOTED_INCLUDE_IN_FRAMEWORK_HEADER = YES;
				CLANG_WARN_RANGE_LOOP_ANALYSIS = YES;
				CLANG_WARN_STRICT_PROTOTYPES = YES;
				CLANG_WARN_SUSPICIOUS_MOVE = YES;
				CLANG_WARN_UNGUARDED_AVAILABILITY = YES_AGGRESSIVE;
				CLANG_WARN_UNREACHABLE_CODE = YES;
				CLANG_WARN__DUPLICATE_METHOD_MATCH = YES;
				COPY_PHASE_STRIP = NO;
				DEBUG_INFORMATION_FORMAT = dwarf;
				ENABLE_STRICT_OBJC_MSGSEND = YES;
				ENABLE_TESTABILITY = YES;
				GCC_C_LANGUAGE_STANDARD = gnu11;
				GCC_DYNAMIC_NO_PIC = NO;
				GCC_NO_COMMON_BLOCKS = YES;
				GCC_OPTIMIZATION_LEVEL = 0;
				GCC_PREPROCESSOR_DEFINITIONS = (
					"DEBUG=1",
					"$(inherited)",
				);
				GCC_WARN_64_TO_32_BIT_CONVERSION = YES;
				GCC_WARN_ABOUT_RETURN_TYPE = YES_ERROR;
				GCC_WARN_UNDECLARED_SELECTOR = YES;
				GCC_WARN_UNINITIALIZED_AUTOS = YES_AGGRESSIVE;
				GCC_WARN_UNUSED_FUNCTION = YES;
				GCC_WARN_UNUSED_VARIABLE = YES;
				IPHONEOS_DEPLOYMENT_TARGET = 16.2;
				MTL_ENABLE_DEBUG_INFO = INCLUDE_SOURCE;
				MTL_FAST_MATH = YES;
				ONLY_ACTIVE_ARCH = YES;
				SDKROOT = iphoneos;
				SWIFT_ACTIVE_COMPILATION_CONDITIONS = DEBUG;
				SWIFT_OPTIMIZATION_LEVEL = "-Onone";
			};
			name = Debug;
		};
		496414A8298073020021DB18 /* Release */ = {
			isa = XCBuildConfiguration;
			buildSettings = {
				ALWAYS_SEARCH_USER_PATHS = NO;
				CLANG_ANALYZER_NONNULL = YES;
				CLANG_ANALYZER_NUMBER_OBJECT_CONVERSION = YES_AGGRESSIVE;
				CLANG_CXX_LANGUAGE_STANDARD = "gnu++20";
				CLANG_ENABLE_MODULES = YES;
				CLANG_ENABLE_OBJC_ARC = YES;
				CLANG_ENABLE_OBJC_WEAK = YES;
				CLANG_WARN_BLOCK_CAPTURE_AUTORELEASING = YES;
				CLANG_WARN_BOOL_CONVERSION = YES;
				CLANG_WARN_COMMA = YES;
				CLANG_WARN_CONSTANT_CONVERSION = YES;
				CLANG_WARN_DEPRECATED_OBJC_IMPLEMENTATIONS = YES;
				CLANG_WARN_DIRECT_OBJC_ISA_USAGE = YES_ERROR;
				CLANG_WARN_DOCUMENTATION_COMMENTS = YES;
				CLANG_WARN_EMPTY_BODY = YES;
				CLANG_WARN_ENUM_CONVERSION = YES;
				CLANG_WARN_INFINITE_RECURSION = YES;
				CLANG_WARN_INT_CONVERSION = YES;
				CLANG_WARN_NON_LITERAL_NULL_CONVERSION = YES;
				CLANG_WARN_OBJC_IMPLICIT_RETAIN_SELF = YES;
				CLANG_WARN_OBJC_LITERAL_CONVERSION = YES;
				CLANG_WARN_OBJC_ROOT_CLASS = YES_ERROR;
				CLANG_WARN_QUOTED_INCLUDE_IN_FRAMEWORK_HEADER = YES;
				CLANG_WARN_RANGE_LOOP_ANALYSIS = YES;
				CLANG_WARN_STRICT_PROTOTYPES = YES;
				CLANG_WARN_SUSPICIOUS_MOVE = YES;
				CLANG_WARN_UNGUARDED_AVAILABILITY = YES_AGGRESSIVE;
				CLANG_WARN_UNREACHABLE_CODE = YES;
				CLANG_WARN__DUPLICATE_METHOD_MATCH = YES;
				COPY_PHASE_STRIP = NO;
				DEBUG_INFORMATION_FORMAT = "dwarf-with-dsym";
				ENABLE_NS_ASSERTIONS = NO;
				ENABLE_STRICT_OBJC_MSGSEND = YES;
				GCC_C_LANGUAGE_STANDARD = gnu11;
				GCC_NO_COMMON_BLOCKS = YES;
				GCC_WARN_64_TO_32_BIT_CONVERSION = YES;
				GCC_WARN_ABOUT_RETURN_TYPE = YES_ERROR;
				GCC_WARN_UNDECLARED_SELECTOR = YES;
				GCC_WARN_UNINITIALIZED_AUTOS = YES_AGGRESSIVE;
				GCC_WARN_UNUSED_FUNCTION = YES;
				GCC_WARN_UNUSED_VARIABLE = YES;
				IPHONEOS_DEPLOYMENT_TARGET = 16.2;
				MTL_ENABLE_DEBUG_INFO = NO;
				MTL_FAST_MATH = YES;
				SDKROOT = iphoneos;
				SWIFT_COMPILATION_MODE = wholemodule;
				SWIFT_OPTIMIZATION_LEVEL = "-O";
				VALIDATE_PRODUCT = YES;
			};
			name = Release;
		};
		496414AA298073020021DB18 /* Debug */ = {
			isa = XCBuildConfiguration;
			buildSettings = {
				ASSETCATALOG_COMPILER_APPICON_NAME = AppIcon;
				ASSETCATALOG_COMPILER_GLOBAL_ACCENT_COLOR_NAME = AccentColor;
				CODE_SIGN_STYLE = Automatic;
				CURRENT_PROJECT_VERSION = 1;
				DEVELOPMENT_TEAM = W97A2UZW7H;
				GENERATE_INFOPLIST_FILE = YES;
				INFOPLIST_FILE = PDM2JDMMarvel/Info.plist;
				INFOPLIST_KEY_UIApplicationSupportsIndirectInputEvents = YES;
				INFOPLIST_KEY_UILaunchStoryboardName = LaunchScreen;
				INFOPLIST_KEY_UIMainStoryboardFile = Main;
				INFOPLIST_KEY_UISupportedInterfaceOrientations_iPad = "UIInterfaceOrientationPortrait UIInterfaceOrientationPortraitUpsideDown UIInterfaceOrientationLandscapeLeft UIInterfaceOrientationLandscapeRight";
				INFOPLIST_KEY_UISupportedInterfaceOrientations_iPhone = "UIInterfaceOrientationPortrait UIInterfaceOrientationLandscapeLeft UIInterfaceOrientationLandscapeRight";
				LD_RUNPATH_SEARCH_PATHS = (
					"$(inherited)",
					"@executable_path/Frameworks",
				);
				MARKETING_VERSION = 1.0;
				PRODUCT_BUNDLE_IDENTIFIER = com.codewithmiguel.PDM2JDMMarvel;
				PRODUCT_NAME = "$(TARGET_NAME)";
				SWIFT_EMIT_LOC_STRINGS = YES;
				SWIFT_VERSION = 5.0;
				TARGETED_DEVICE_FAMILY = "1,2";
			};
			name = Debug;
		};
		496414AB298073020021DB18 /* Release */ = {
			isa = XCBuildConfiguration;
			buildSettings = {
				ASSETCATALOG_COMPILER_APPICON_NAME = AppIcon;
				ASSETCATALOG_COMPILER_GLOBAL_ACCENT_COLOR_NAME = AccentColor;
				CODE_SIGN_STYLE = Automatic;
				CURRENT_PROJECT_VERSION = 1;
				DEVELOPMENT_TEAM = W97A2UZW7H;
				GENERATE_INFOPLIST_FILE = YES;
				INFOPLIST_FILE = PDM2JDMMarvel/Info.plist;
				INFOPLIST_KEY_UIApplicationSupportsIndirectInputEvents = YES;
				INFOPLIST_KEY_UILaunchStoryboardName = LaunchScreen;
				INFOPLIST_KEY_UIMainStoryboardFile = Main;
				INFOPLIST_KEY_UISupportedInterfaceOrientations_iPad = "UIInterfaceOrientationPortrait UIInterfaceOrientationPortraitUpsideDown UIInterfaceOrientationLandscapeLeft UIInterfaceOrientationLandscapeRight";
				INFOPLIST_KEY_UISupportedInterfaceOrientations_iPhone = "UIInterfaceOrientationPortrait UIInterfaceOrientationLandscapeLeft UIInterfaceOrientationLandscapeRight";
				LD_RUNPATH_SEARCH_PATHS = (
					"$(inherited)",
					"@executable_path/Frameworks",
				);
				MARKETING_VERSION = 1.0;
				PRODUCT_BUNDLE_IDENTIFIER = com.codewithmiguel.PDM2JDMMarvel;
				PRODUCT_NAME = "$(TARGET_NAME)";
				SWIFT_EMIT_LOC_STRINGS = YES;
				SWIFT_VERSION = 5.0;
				TARGETED_DEVICE_FAMILY = "1,2";
			};
			name = Release;
		};
/* End XCBuildConfiguration section */

/* Begin XCConfigurationList section */
		49641490298073010021DB18 /* Build configuration list for PBXProject "PDM2JDMMarvel" */ = {
			isa = XCConfigurationList;
			buildConfigurations = (
				496414A7298073020021DB18 /* Debug */,
				496414A8298073020021DB18 /* Release */,
			);
			defaultConfigurationIsVisible = 0;
			defaultConfigurationName = Release;
		};
		496414A9298073020021DB18 /* Build configuration list for PBXNativeTarget "PDM2JDMMarvel" */ = {
			isa = XCConfigurationList;
			buildConfigurations = (
				496414AA298073020021DB18 /* Debug */,
				496414AB298073020021DB18 /* Release */,
			);
			defaultConfigurationIsVisible = 0;
			defaultConfigurationName = Release;
		};
/* End XCConfigurationList section */

/* Begin XCRemoteSwiftPackageReference section */
		496414CA298075030021DB18 /* XCRemoteSwiftPackageReference "firebase-ios-sdk" */ = {
			isa = XCRemoteSwiftPackageReference;
			repositoryURL = "https://github.com/firebase/firebase-ios-sdk";
			requirement = {
				branch = master;
				kind = branch;
			};
		};
/* End XCRemoteSwiftPackageReference section */

/* Begin XCSwiftPackageProductDependency section */
		496414CB298075030021DB18 /* FirebaseAnalytics */ = {
			isa = XCSwiftPackageProductDependency;
			package = 496414CA298075030021DB18 /* XCRemoteSwiftPackageReference "firebase-ios-sdk" */;
			productName = FirebaseAnalytics;
		};
		496414CD298075030021DB18 /* FirebaseAuth */ = {
			isa = XCSwiftPackageProductDependency;
			package = 496414CA298075030021DB18 /* XCRemoteSwiftPackageReference "firebase-ios-sdk" */;
			productName = FirebaseAuth;
		};
		496414CF298075030021DB18 /* FirebaseAuthCombine-Community */ = {
			isa = XCSwiftPackageProductDependency;
			package = 496414CA298075030021DB18 /* XCRemoteSwiftPackageReference "firebase-ios-sdk" */;
			productName = "FirebaseAuthCombine-Community";
		};
		496414D1298075030021DB18 /* FirebaseDatabase */ = {
			isa = XCSwiftPackageProductDependency;
			package = 496414CA298075030021DB18 /* XCRemoteSwiftPackageReference "firebase-ios-sdk" */;
			productName = FirebaseDatabase;
		};
		496414D3298075030021DB18 /* FirebaseDatabaseSwift */ = {
			isa = XCSwiftPackageProductDependency;
			package = 496414CA298075030021DB18 /* XCRemoteSwiftPackageReference "firebase-ios-sdk" */;
			productName = FirebaseDatabaseSwift;
		};
		496414D5298075030021DB18 /* FirebaseFirestore */ = {
			isa = XCSwiftPackageProductDependency;
			package = 496414CA298075030021DB18 /* XCRemoteSwiftPackageReference "firebase-ios-sdk" */;
			productName = FirebaseFirestore;
		};
		496414D7298075030021DB18 /* FirebaseFirestoreCombine-Community */ = {
			isa = XCSwiftPackageProductDependency;
			package = 496414CA298075030021DB18 /* XCRemoteSwiftPackageReference "firebase-ios-sdk" */;
			productName = "FirebaseFirestoreCombine-Community";
		};
		496414D9298075030021DB18 /* FirebaseFirestoreSwift */ = {
			isa = XCSwiftPackageProductDependency;
			package = 496414CA298075030021DB18 /* XCRemoteSwiftPackageReference "firebase-ios-sdk" */;
			productName = FirebaseFirestoreSwift;
		};
		496414DB298075030021DB18 /* FirebaseFunctions */ = {
			isa = XCSwiftPackageProductDependency;
			package = 496414CA298075030021DB18 /* XCRemoteSwiftPackageReference "firebase-ios-sdk" */;
			productName = FirebaseFunctions;
		};
		496414DD298075030021DB18 /* FirebaseFunctionsCombine-Community */ = {
			isa = XCSwiftPackageProductDependency;
			package = 496414CA298075030021DB18 /* XCRemoteSwiftPackageReference "firebase-ios-sdk" */;
			productName = "FirebaseFunctionsCombine-Community";
		};
		496414DF298075030021DB18 /* FirebaseInstallations */ = {
			isa = XCSwiftPackageProductDependency;
			package = 496414CA298075030021DB18 /* XCRemoteSwiftPackageReference "firebase-ios-sdk" */;
			productName = FirebaseInstallations;
		};
		496414E1298075030021DB18 /* FirebasePerformance */ = {
			isa = XCSwiftPackageProductDependency;
			package = 496414CA298075030021DB18 /* XCRemoteSwiftPackageReference "firebase-ios-sdk" */;
			productName = FirebasePerformance;
		};
		496414E3298075030021DB18 /* FirebaseStorage */ = {
			isa = XCSwiftPackageProductDependency;
			package = 496414CA298075030021DB18 /* XCRemoteSwiftPackageReference "firebase-ios-sdk" */;
			productName = FirebaseStorage;
		};
		496414E5298075030021DB18 /* FirebaseStorageCombine-Community */ = {
			isa = XCSwiftPackageProductDependency;
			package = 496414CA298075030021DB18 /* XCRemoteSwiftPackageReference "firebase-ios-sdk" */;
			productName = "FirebaseStorageCombine-Community";
		};
/* End XCSwiftPackageProductDependency section */
	};
	rootObject = 4964148D298073010021DB18 /* Project object */;
}
